
Microsoft Visual Studio Solution File, Format Version 12.00
# Visual Studio Version 16
VisualStudioVersion = 16.0.29424.173
MinimumVisualStudioVersion = 10.0.40219.1
Project("{F2A71F9B-5D33-465A-A702-920D77279786}") = "DecisionEngine.Core", "DecisionEngine.Core\DecisionEngine.Core.fsproj", "{89BE0815-8CF5-419D-85E9-C825BF8FD7D4}"
EndProject
Global
	GlobalSection(SolutionConfigurationPlatforms) = preSolution
		Debug|Any CPU = Debug|Any CPU
		Release|Any CPU = Release|Any CPU
	EndGlobalSection
	GlobalSection(ProjectConfigurationPlatforms) = postSolution
		{89BE0815-8CF5-419D-85E9-C825BF8FD7D4}.Debug|Any CPU.ActiveCfg = Debug|Any CPU
		{89BE0815-8CF5-419D-85E9-C825BF8FD7D4}.Debug|Any CPU.Build.0 = Debug|Any CPU
		{89BE0815-8CF5-419D-85E9-C825BF8FD7D4}.Release|Any CPU.ActiveCfg = Release|Any CPU
		{89BE0815-8CF5-419D-85E9-C825BF8FD7D4}.Release|Any CPU.Build.0 = Release|Any CPU
	EndGlobalSection
	GlobalSection(SolutionProperties) = preSolution
		HideSolutionNode = FALSE
	EndGlobalSection
	GlobalSection(ExtensibilityGlobals) = postSolution
		SolutionGuid = {8E7894A4-9869-45A4-BE16-CD7DF83773EC}
	EndGlobalSection
EndGlobal
